
Microsoft Visual Studio Solution File, Format Version 12.00
# Visual Studio Version 16
VisualStudioVersion = 16.0.30104.148
MinimumVisualStudioVersion = 10.0.40219.1
Project("{FAE04EC0-301F-11D3-BF4B-00C04F79EFBC}") = "OneSignalTask.Core", "OneSignalTask.Core\OneSignalTask.Core.csproj", "{852A3D3C-3C9E-4F4A-BE97-E299EE4BC5DB}"
EndProject
Project("{FAE04EC0-301F-11D3-BF4B-00C04F79EFBC}") = "OneSignalTask.Services", "OneSignalTask.Services\OneSignalTask.Services.csproj", "{13895C19-FFF9-459F-92D0-8E43AD75961F}"
EndProject
Project("{FAE04EC0-301F-11D3-BF4B-00C04F79EFBC}") = "OneSignalTask.Web", "OneSignalTask.Web\OneSignalTask.Web.csproj", "{76DB61C8-C377-4F87-9FD2-FEF3A7AA96A2}"
EndProject
Project("{FAE04EC0-301F-11D3-BF4B-00C04F79EFBC}") = "OneSignalTask.Infrastructure", "OneSignalTask.Infrastructure\OneSignalTask.Infrastructure.csproj", "{DCCFF057-97E4-4919-87F0-78458582C343}"
EndProject
Global
	GlobalSection(SolutionConfigurationPlatforms) = preSolution
		Debug|Any CPU = Debug|Any CPU
		Release|Any CPU = Release|Any CPU
	EndGlobalSection
	GlobalSection(ProjectConfigurationPlatforms) = postSolution
		{852A3D3C-3C9E-4F4A-BE97-E299EE4BC5DB}.Debug|Any CPU.ActiveCfg = Debug|Any CPU
		{852A3D3C-3C9E-4F4A-BE97-E299EE4BC5DB}.Debug|Any CPU.Build.0 = Debug|Any CPU
		{852A3D3C-3C9E-4F4A-BE97-E299EE4BC5DB}.Release|Any CPU.ActiveCfg = Release|Any CPU
		{852A3D3C-3C9E-4F4A-BE97-E299EE4BC5DB}.Release|Any CPU.Build.0 = Release|Any CPU
		{13895C19-FFF9-459F-92D0-8E43AD75961F}.Debug|Any CPU.ActiveCfg = Debug|Any CPU
		{13895C19-FFF9-459F-92D0-8E43AD75961F}.Debug|Any CPU.Build.0 = Debug|Any CPU
		{13895C19-FFF9-459F-92D0-8E43AD75961F}.Release|Any CPU.ActiveCfg = Release|Any CPU
		{13895C19-FFF9-459F-92D0-8E43AD75961F}.Release|Any CPU.Build.0 = Release|Any CPU
		{76DB61C8-C377-4F87-9FD2-FEF3A7AA96A2}.Debug|Any CPU.ActiveCfg = Debug|Any CPU
		{76DB61C8-C377-4F87-9FD2-FEF3A7AA96A2}.Debug|Any CPU.Build.0 = Debug|Any CPU
		{76DB61C8-C377-4F87-9FD2-FEF3A7AA96A2}.Release|Any CPU.ActiveCfg = Release|Any CPU
		{76DB61C8-C377-4F87-9FD2-FEF3A7AA96A2}.Release|Any CPU.Build.0 = Release|Any CPU
		{DCCFF057-97E4-4919-87F0-78458582C343}.Debug|Any CPU.ActiveCfg = Debug|Any CPU
		{DCCFF057-97E4-4919-87F0-78458582C343}.Debug|Any CPU.Build.0 = Debug|Any CPU
		{DCCFF057-97E4-4919-87F0-78458582C343}.Release|Any CPU.ActiveCfg = Release|Any CPU
		{DCCFF057-97E4-4919-87F0-78458582C343}.Release|Any CPU.Build.0 = Release|Any CPU
	EndGlobalSection
	GlobalSection(SolutionProperties) = preSolution
		HideSolutionNode = FALSE
	EndGlobalSection
	GlobalSection(ExtensibilityGlobals) = postSolution
		SolutionGuid = {527907A4-44D3-47F3-8DB3-3A1FE2286787}
	EndGlobalSection
EndGlobal
